
Microsoft Visual Studio Solution File, Format Version 12.00
# Visual Studio 15
VisualStudioVersion = 15.0.26228.9
MinimumVisualStudioVersion = 10.0.40219.1
Project("{9A19103F-16F7-4668-BE54-9A1E7A4F7556}") = "brentedwardsonline_web", "brentedwardsonline_web.csproj", "{836B9DA5-1FF4-4CF0-BEB2-1CA812F5C1C8}"
EndProject
Global
	GlobalSection(SolutionConfigurationPlatforms) = preSolution
		Debug|Any CPU = Debug|Any CPU
		Release|Any CPU = Release|Any CPU
	EndGlobalSection
	GlobalSection(ProjectConfigurationPlatforms) = postSolution
		{836B9DA5-1FF4-4CF0-BEB2-1CA812F5C1C8}.Debug|Any CPU.ActiveCfg = Debug|Any CPU
		{836B9DA5-1FF4-4CF0-BEB2-1CA812F5C1C8}.Debug|Any CPU.Build.0 = Debug|Any CPU
		{836B9DA5-1FF4-4CF0-BEB2-1CA812F5C1C8}.Release|Any CPU.ActiveCfg = Release|Any CPU
		{836B9DA5-1FF4-4CF0-BEB2-1CA812F5C1C8}.Release|Any CPU.Build.0 = Release|Any CPU
	EndGlobalSection
	GlobalSection(SolutionProperties) = preSolution
		HideSolutionNode = FALSE
	EndGlobalSection
EndGlobal
